
Microsoft Visual Studio Solution File, Format Version 12.00
# Visual Studio Version 16
VisualStudioVersion = 16.0.30413.136
MinimumVisualStudioVersion = 10.0.40219.1
Project("{FAE04EC0-301F-11D3-BF4B-00C04F79EFBC}") = "bank template exercise", "bank template exercise\bank template exercise.csproj", "{9AD91732-AE1C-4219-8C36-83572C4F2E3B}"
EndProject
Global
	GlobalSection(SolutionConfigurationPlatforms) = preSolution
		Debug|Any CPU = Debug|Any CPU
		Release|Any CPU = Release|Any CPU
	EndGlobalSection
	GlobalSection(ProjectConfigurationPlatforms) = postSolution
		{9AD91732-AE1C-4219-8C36-83572C4F2E3B}.Debug|Any CPU.ActiveCfg = Debug|Any CPU
		{9AD91732-AE1C-4219-8C36-83572C4F2E3B}.Debug|Any CPU.Build.0 = Debug|Any CPU
		{9AD91732-AE1C-4219-8C36-83572C4F2E3B}.Release|Any CPU.ActiveCfg = Release|Any CPU
		{9AD91732-AE1C-4219-8C36-83572C4F2E3B}.Release|Any CPU.Build.0 = Release|Any CPU
	EndGlobalSection
	GlobalSection(SolutionProperties) = preSolution
		HideSolutionNode = FALSE
	EndGlobalSection
	GlobalSection(ExtensibilityGlobals) = postSolution
		SolutionGuid = {E82A6CE4-4B64-4AE3-A263-18D1CCF9F4AF}
	EndGlobalSection
EndGlobal
